
Microsoft Visual Studio Solution File, Format Version 12.00
# Visual Studio 2013
VisualStudioVersion = 12.0.31101.0
MinimumVisualStudioVersion = 10.0.40219.1
Project("{8BC9CEB8-8B4A-11D0-8D11-00A0C91BC942}") = "SimpleStart", "SimpleStart\SimpleStart.vcxproj", "{97E9CF5B-091F-4E19-A7DE-67FD76BCA9C7}"
EndProject
Project("{8BC9CEB8-8B4A-11D0-8D11-00A0C91BC942}") = "SimpleGuessingGame", "SimpleGuessingGame\SimpleGuessingGame.vcxproj", "{0BE4C15A-73E2-48D7-9307-9EDBC17B96CE}"
EndProject
Project("{8BC9CEB8-8B4A-11D0-8D11-00A0C91BC942}") = "SimpleArithmeticCalculator", "SimpleArithmeticCalculator\SimpleArithmeticCalculator.vcxproj", "{4897BB7E-C4CA-4D0D-B535-7E70744CCBDB}"
EndProject
Project("{8BC9CEB8-8B4A-11D0-8D11-00A0C91BC942}") = "Chapter4", "Chapter4\Chapter4.vcxproj", "{73F94801-7BE2-4F3C-8A43-397F1F9F8CA8}"
EndProject
Project("{8BC9CEB8-8B4A-11D0-8D11-00A0C91BC942}") = "Chapter5", "Chapter5\Chapter5.vcxproj", "{9B2BB424-33B4-436D-A4AB-10D2A39BF585}"
EndProject
Project("{8BC9CEB8-8B4A-11D0-8D11-00A0C91BC942}") = "Chapter6", "Chapter6\Chapter6.vcxproj", "{A17FB31F-E603-4A05-B4B5-3902B82E4A6B}"
EndProject
Project("{8BC9CEB8-8B4A-11D0-8D11-00A0C91BC942}") = "Chapter7", "Chapter7\Chapter7.vcxproj", "{474B1632-B7F3-4E60-9ACE-C855A278B77D}"
EndProject
Project("{8BC9CEB8-8B4A-11D0-8D11-00A0C91BC942}") = "Chapter9", "Chapter9\Chapter9.vcxproj", "{A8D565BE-B2C6-4EAB-8211-48B1872B356C}"
EndProject
Project("{8BC9CEB8-8B4A-11D0-8D11-00A0C91BC942}") = "Chapter10", "Chapter10\Chapter10.vcxproj", "{7BAABCD0-8F3A-40B3-B971-74C50C2CDF52}"
EndProject
Project("{8BC9CEB8-8B4A-11D0-8D11-00A0C91BC942}") = "TextAdventureGame", "TextAdventureGame\TextAdventureGame.vcxproj", "{239B17A6-6F2D-49BE-95B7-90B408A78904}"
EndProject
Project("{8BC9CEB8-8B4A-11D0-8D11-00A0C91BC942}") = "Chapter11", "Chapter11\Chapter11.vcxproj", "{C310B894-8642-4708-9D36-60C1E5191C86}"
EndProject
Global
	GlobalSection(SolutionConfigurationPlatforms) = preSolution
		Debug|Win32 = Debug|Win32
		Release|Win32 = Release|Win32
	EndGlobalSection
	GlobalSection(ProjectConfigurationPlatforms) = postSolution
		{97E9CF5B-091F-4E19-A7DE-67FD76BCA9C7}.Debug|Win32.ActiveCfg = Debug|Win32
		{97E9CF5B-091F-4E19-A7DE-67FD76BCA9C7}.Debug|Win32.Build.0 = Debug|Win32
		{97E9CF5B-091F-4E19-A7DE-67FD76BCA9C7}.Release|Win32.ActiveCfg = Release|Win32
		{97E9CF5B-091F-4E19-A7DE-67FD76BCA9C7}.Release|Win32.Build.0 = Release|Win32
		{0BE4C15A-73E2-48D7-9307-9EDBC17B96CE}.Debug|Win32.ActiveCfg = Debug|Win32
		{0BE4C15A-73E2-48D7-9307-9EDBC17B96CE}.Debug|Win32.Build.0 = Debug|Win32
		{0BE4C15A-73E2-48D7-9307-9EDBC17B96CE}.Release|Win32.ActiveCfg = Release|Win32
		{0BE4C15A-73E2-48D7-9307-9EDBC17B96CE}.Release|Win32.Build.0 = Release|Win32
		{4897BB7E-C4CA-4D0D-B535-7E70744CCBDB}.Debug|Win32.ActiveCfg = Debug|Win32
		{4897BB7E-C4CA-4D0D-B535-7E70744CCBDB}.Debug|Win32.Build.0 = Debug|Win32
		{4897BB7E-C4CA-4D0D-B535-7E70744CCBDB}.Release|Win32.ActiveCfg = Release|Win32
		{4897BB7E-C4CA-4D0D-B535-7E70744CCBDB}.Release|Win32.Build.0 = Release|Win32
		{73F94801-7BE2-4F3C-8A43-397F1F9F8CA8}.Debug|Win32.ActiveCfg = Debug|Win32
		{73F94801-7BE2-4F3C-8A43-397F1F9F8CA8}.Debug|Win32.Build.0 = Debug|Win32
		{73F94801-7BE2-4F3C-8A43-397F1F9F8CA8}.Release|Win32.ActiveCfg = Release|Win32
		{73F94801-7BE2-4F3C-8A43-397F1F9F8CA8}.Release|Win32.Build.0 = Release|Win32
		{9B2BB424-33B4-436D-A4AB-10D2A39BF585}.Debug|Win32.ActiveCfg = Debug|Win32
		{9B2BB424-33B4-436D-A4AB-10D2A39BF585}.Debug|Win32.Build.0 = Debug|Win32
		{9B2BB424-33B4-436D-A4AB-10D2A39BF585}.Release|Win32.ActiveCfg = Release|Win32
		{9B2BB424-33B4-436D-A4AB-10D2A39BF585}.Release|Win32.Build.0 = Release|Win32
		{A17FB31F-E603-4A05-B4B5-3902B82E4A6B}.Debug|Win32.ActiveCfg = Debug|Win32
		{A17FB31F-E603-4A05-B4B5-3902B82E4A6B}.Debug|Win32.Build.0 = Debug|Win32
		{A17FB31F-E603-4A05-B4B5-3902B82E4A6B}.Release|Win32.ActiveCfg = Release|Win32
		{A17FB31F-E603-4A05-B4B5-3902B82E4A6B}.Release|Win32.Build.0 = Release|Win32
		{474B1632-B7F3-4E60-9ACE-C855A278B77D}.Debug|Win32.ActiveCfg = Debug|Win32
		{474B1632-B7F3-4E60-9ACE-C855A278B77D}.Debug|Win32.Build.0 = Debug|Win32
		{474B1632-B7F3-4E60-9ACE-C855A278B77D}.Release|Win32.ActiveCfg = Release|Win32
		{474B1632-B7F3-4E60-9ACE-C855A278B77D}.Release|Win32.Build.0 = Release|Win32
		{A8D565BE-B2C6-4EAB-8211-48B1872B356C}.Debug|Win32.ActiveCfg = Debug|Win32
		{A8D565BE-B2C6-4EAB-8211-48B1872B356C}.Debug|Win32.Build.0 = Debug|Win32
		{A8D565BE-B2C6-4EAB-8211-48B1872B356C}.Release|Win32.ActiveCfg = Release|Win32
		{A8D565BE-B2C6-4EAB-8211-48B1872B356C}.Release|Win32.Build.0 = Release|Win32
		{7BAABCD0-8F3A-40B3-B971-74C50C2CDF52}.Debug|Win32.ActiveCfg = Debug|Win32
		{7BAABCD0-8F3A-40B3-B971-74C50C2CDF52}.Debug|Win32.Build.0 = Debug|Win32
		{7BAABCD0-8F3A-40B3-B971-74C50C2CDF52}.Release|Win32.ActiveCfg = Release|Win32
		{7BAABCD0-8F3A-40B3-B971-74C50C2CDF52}.Release|Win32.Build.0 = Release|Win32
		{239B17A6-6F2D-49BE-95B7-90B408A78904}.Debug|Win32.ActiveCfg = Debug|Win32
		{239B17A6-6F2D-49BE-95B7-90B408A78904}.Debug|Win32.Build.0 = Debug|Win32
		{239B17A6-6F2D-49BE-95B7-90B408A78904}.Release|Win32.ActiveCfg = Release|Win32
		{239B17A6-6F2D-49BE-95B7-90B408A78904}.Release|Win32.Build.0 = Release|Win32
		{C310B894-8642-4708-9D36-60C1E5191C86}.Debug|Win32.ActiveCfg = Debug|Win32
		{C310B894-8642-4708-9D36-60C1E5191C86}.Debug|Win32.Build.0 = Debug|Win32
		{C310B894-8642-4708-9D36-60C1E5191C86}.Release|Win32.ActiveCfg = Release|Win32
		{C310B894-8642-4708-9D36-60C1E5191C86}.Release|Win32.Build.0 = Release|Win32
	EndGlobalSection
	GlobalSection(SolutionProperties) = preSolution
		HideSolutionNode = FALSE
	EndGlobalSection
EndGlobal
