
Microsoft Visual Studio Solution File, Format Version 12.00
# Visual Studio 2013
VisualStudioVersion = 12.0.31101.0
MinimumVisualStudioVersion = 10.0.40219.1
Project("{8BC9CEB8-8B4A-11D0-8D11-00A0C91BC942}") = "SimpleStart", "SimpleStart\SimpleStart.vcxproj", "{97E9CF5B-091F-4E19-A7DE-67FD76BCA9C7}"
EndProject
Project("{8BC9CEB8-8B4A-11D0-8D11-00A0C91BC942}") = "SimpleGuessingGame", "SimpleGuessingGame\SimpleGuessingGame.vcxproj", "{0BE4C15A-73E2-48D7-9307-9EDBC17B96CE}"
EndProject
Project("{8BC9CEB8-8B4A-11D0-8D11-00A0C91BC942}") = "SimpleArithmeticCalculator", "SimpleArithmeticCalculator\SimpleArithmeticCalculator.vcxproj", "{4897BB7E-C4CA-4D0D-B535-7E70744CCBDB}"
EndProject
Project("{8BC9CEB8-8B4A-11D0-8D11-00A0C91BC942}") = "Chapter4", "Chapter4\Chapter4.vcxproj", "{73F94801-7BE2-4F3C-8A43-397F1F9F8CA8}"
EndProject
Project("{8BC9CEB8-8B4A-11D0-8D11-00A0C91BC942}") = "Chapter5", "Chapter5\Chapter5.vcxproj", "{9B2BB424-33B4-436D-A4AB-10D2A39BF585}"
EndProject
Project("{8BC9CEB8-8B4A-11D0-8D11-00A0C91BC942}") = "Chapter6", "Chapter6\Chapter6.vcxproj", "{A17FB31F-E603-4A05-B4B5-3902B82E4A6B}"
EndProject
Project("{8BC9CEB8-8B4A-11D0-8D11-00A0C91BC942}") = "Chapter7", "Chapter7\Chapter7.vcxproj", "{474B1632-B7F3-4E60-9ACE-C855A278B77D}"
EndProject
Project("{8BC9CEB8-8B4A-11D0-8D11-00A0C91BC942}") = "Chapter9", "Chapter9\Chapter9.vcxproj", "{A8D565BE-B2C6-4EAB-8211-48B1872B356C}"
EndProject
Project("{8BC9CEB8-8B4A-11D0-8D11-00A0C91BC942}") = "Chapter10", "Chapter10\Chapter10.vcxproj", "{7BAABCD0-8F3A-40B3-B971-74C50C2CDF52}"
EndProject
Project("{8BC9CEB8-8B4A-11D0-8D11-00A0C91BC942}") = "TextAdventureGame", "TextAdventureGame\TextAdventureGame.vcxproj", "{239B17A6-6F2D-49BE-95B7-90B408A78904}"
EndProject
Project("{8BC9CEB8-8B4A-11D0-8D11-00A0C91BC942}") = "Chapter11", "Chapter11\Chapter11.vcxproj", "{C310B894-8642-4708-9D36-60C1E5191C86}"
EndProject
Project("{8BC9CEB8-8B4A-11D0-8D11-00A0C91BC942}") = "Chapter13", "Chapter13\Chapter13.vcxproj", "{BFA65CCD-0727-47EE-B634-1498A3D14411}"
EndProject
Project("{8BC9CEB8-8B4A-11D0-8D11-00A0C91BC942}") = "Chapter14", "Chapter14\Chapter14.vcxproj", "{4695B328-AEF5-462F-9BDC-CFBBD0070982}"
EndProject
Project("{8BC9CEB8-8B4A-11D0-8D11-00A0C91BC942}") = "Chapter15", "Chapter15\Chapter15.vcxproj", "{F40EE608-3715-4472-8A9A-BB5DDE7815A7}"
EndProject
Project("{8BC9CEB8-8B4A-11D0-8D11-00A0C91BC942}") = "Chapter16", "Chapter16\Chapter16.vcxproj", "{C39D42EE-835B-450E-9BA2-8E1106A9AB46}"
EndProject
Global
	GlobalSection(SolutionConfigurationPlatforms) = preSolution
		Debug|Any CPU = Debug|Any CPU
		Debug|Mixed Platforms = Debug|Mixed Platforms
		Debug|Win32 = Debug|Win32
		Release|Any CPU = Release|Any CPU
		Release|Mixed Platforms = Release|Mixed Platforms
		Release|Win32 = Release|Win32
	EndGlobalSection
	GlobalSection(ProjectConfigurationPlatforms) = postSolution
		{97E9CF5B-091F-4E19-A7DE-67FD76BCA9C7}.Debug|Any CPU.ActiveCfg = Debug|Win32
		{97E9CF5B-091F-4E19-A7DE-67FD76BCA9C7}.Debug|Mixed Platforms.ActiveCfg = Debug|Win32
		{97E9CF5B-091F-4E19-A7DE-67FD76BCA9C7}.Debug|Mixed Platforms.Build.0 = Debug|Win32
		{97E9CF5B-091F-4E19-A7DE-67FD76BCA9C7}.Debug|Win32.ActiveCfg = Debug|Win32
		{97E9CF5B-091F-4E19-A7DE-67FD76BCA9C7}.Debug|Win32.Build.0 = Debug|Win32
		{97E9CF5B-091F-4E19-A7DE-67FD76BCA9C7}.Release|Any CPU.ActiveCfg = Release|Win32
		{97E9CF5B-091F-4E19-A7DE-67FD76BCA9C7}.Release|Mixed Platforms.ActiveCfg = Release|Win32
		{97E9CF5B-091F-4E19-A7DE-67FD76BCA9C7}.Release|Mixed Platforms.Build.0 = Release|Win32
		{97E9CF5B-091F-4E19-A7DE-67FD76BCA9C7}.Release|Win32.ActiveCfg = Release|Win32
		{97E9CF5B-091F-4E19-A7DE-67FD76BCA9C7}.Release|Win32.Build.0 = Release|Win32
		{0BE4C15A-73E2-48D7-9307-9EDBC17B96CE}.Debug|Any CPU.ActiveCfg = Debug|Win32
		{0BE4C15A-73E2-48D7-9307-9EDBC17B96CE}.Debug|Mixed Platforms.ActiveCfg = Debug|Win32
		{0BE4C15A-73E2-48D7-9307-9EDBC17B96CE}.Debug|Mixed Platforms.Build.0 = Debug|Win32
		{0BE4C15A-73E2-48D7-9307-9EDBC17B96CE}.Debug|Win32.ActiveCfg = Debug|Win32
		{0BE4C15A-73E2-48D7-9307-9EDBC17B96CE}.Debug|Win32.Build.0 = Debug|Win32
		{0BE4C15A-73E2-48D7-9307-9EDBC17B96CE}.Release|Any CPU.ActiveCfg = Release|Win32
		{0BE4C15A-73E2-48D7-9307-9EDBC17B96CE}.Release|Mixed Platforms.ActiveCfg = Release|Win32
		{0BE4C15A-73E2-48D7-9307-9EDBC17B96CE}.Release|Mixed Platforms.Build.0 = Release|Win32
		{0BE4C15A-73E2-48D7-9307-9EDBC17B96CE}.Release|Win32.ActiveCfg = Release|Win32
		{0BE4C15A-73E2-48D7-9307-9EDBC17B96CE}.Release|Win32.Build.0 = Release|Win32
		{4897BB7E-C4CA-4D0D-B535-7E70744CCBDB}.Debug|Any CPU.ActiveCfg = Debug|Win32
		{4897BB7E-C4CA-4D0D-B535-7E70744CCBDB}.Debug|Mixed Platforms.ActiveCfg = Debug|Win32
		{4897BB7E-C4CA-4D0D-B535-7E70744CCBDB}.Debug|Mixed Platforms.Build.0 = Debug|Win32
		{4897BB7E-C4CA-4D0D-B535-7E70744CCBDB}.Debug|Win32.ActiveCfg = Debug|Win32
		{4897BB7E-C4CA-4D0D-B535-7E70744CCBDB}.Debug|Win32.Build.0 = Debug|Win32
		{4897BB7E-C4CA-4D0D-B535-7E70744CCBDB}.Release|Any CPU.ActiveCfg = Release|Win32
		{4897BB7E-C4CA-4D0D-B535-7E70744CCBDB}.Release|Mixed Platforms.ActiveCfg = Release|Win32
		{4897BB7E-C4CA-4D0D-B535-7E70744CCBDB}.Release|Mixed Platforms.Build.0 = Release|Win32
		{4897BB7E-C4CA-4D0D-B535-7E70744CCBDB}.Release|Win32.ActiveCfg = Release|Win32
		{4897BB7E-C4CA-4D0D-B535-7E70744CCBDB}.Release|Win32.Build.0 = Release|Win32
		{73F94801-7BE2-4F3C-8A43-397F1F9F8CA8}.Debug|Any CPU.ActiveCfg = Debug|Win32
		{73F94801-7BE2-4F3C-8A43-397F1F9F8CA8}.Debug|Mixed Platforms.ActiveCfg = Debug|Win32
		{73F94801-7BE2-4F3C-8A43-397F1F9F8CA8}.Debug|Mixed Platforms.Build.0 = Debug|Win32
		{73F94801-7BE2-4F3C-8A43-397F1F9F8CA8}.Debug|Win32.ActiveCfg = Debug|Win32
		{73F94801-7BE2-4F3C-8A43-397F1F9F8CA8}.Debug|Win32.Build.0 = Debug|Win32
		{73F94801-7BE2-4F3C-8A43-397F1F9F8CA8}.Release|Any CPU.ActiveCfg = Release|Win32
		{73F94801-7BE2-4F3C-8A43-397F1F9F8CA8}.Release|Mixed Platforms.ActiveCfg = Release|Win32
		{73F94801-7BE2-4F3C-8A43-397F1F9F8CA8}.Release|Mixed Platforms.Build.0 = Release|Win32
		{73F94801-7BE2-4F3C-8A43-397F1F9F8CA8}.Release|Win32.ActiveCfg = Release|Win32
		{73F94801-7BE2-4F3C-8A43-397F1F9F8CA8}.Release|Win32.Build.0 = Release|Win32
		{9B2BB424-33B4-436D-A4AB-10D2A39BF585}.Debug|Any CPU.ActiveCfg = Debug|Win32
		{9B2BB424-33B4-436D-A4AB-10D2A39BF585}.Debug|Mixed Platforms.ActiveCfg = Debug|Win32
		{9B2BB424-33B4-436D-A4AB-10D2A39BF585}.Debug|Mixed Platforms.Build.0 = Debug|Win32
		{9B2BB424-33B4-436D-A4AB-10D2A39BF585}.Debug|Win32.ActiveCfg = Debug|Win32
		{9B2BB424-33B4-436D-A4AB-10D2A39BF585}.Debug|Win32.Build.0 = Debug|Win32
		{9B2BB424-33B4-436D-A4AB-10D2A39BF585}.Release|Any CPU.ActiveCfg = Release|Win32
		{9B2BB424-33B4-436D-A4AB-10D2A39BF585}.Release|Mixed Platforms.ActiveCfg = Release|Win32
		{9B2BB424-33B4-436D-A4AB-10D2A39BF585}.Release|Mixed Platforms.Build.0 = Release|Win32
		{9B2BB424-33B4-436D-A4AB-10D2A39BF585}.Release|Win32.ActiveCfg = Release|Win32
		{9B2BB424-33B4-436D-A4AB-10D2A39BF585}.Release|Win32.Build.0 = Release|Win32
		{A17FB31F-E603-4A05-B4B5-3902B82E4A6B}.Debug|Any CPU.ActiveCfg = Debug|Win32
		{A17FB31F-E603-4A05-B4B5-3902B82E4A6B}.Debug|Mixed Platforms.ActiveCfg = Debug|Win32
		{A17FB31F-E603-4A05-B4B5-3902B82E4A6B}.Debug|Mixed Platforms.Build.0 = Debug|Win32
		{A17FB31F-E603-4A05-B4B5-3902B82E4A6B}.Debug|Win32.ActiveCfg = Debug|Win32
		{A17FB31F-E603-4A05-B4B5-3902B82E4A6B}.Debug|Win32.Build.0 = Debug|Win32
		{A17FB31F-E603-4A05-B4B5-3902B82E4A6B}.Release|Any CPU.ActiveCfg = Release|Win32
		{A17FB31F-E603-4A05-B4B5-3902B82E4A6B}.Release|Mixed Platforms.ActiveCfg = Release|Win32
		{A17FB31F-E603-4A05-B4B5-3902B82E4A6B}.Release|Mixed Platforms.Build.0 = Release|Win32
		{A17FB31F-E603-4A05-B4B5-3902B82E4A6B}.Release|Win32.ActiveCfg = Release|Win32
		{A17FB31F-E603-4A05-B4B5-3902B82E4A6B}.Release|Win32.Build.0 = Release|Win32
		{474B1632-B7F3-4E60-9ACE-C855A278B77D}.Debug|Any CPU.ActiveCfg = Debug|Win32
		{474B1632-B7F3-4E60-9ACE-C855A278B77D}.Debug|Mixed Platforms.ActiveCfg = Debug|Win32
		{474B1632-B7F3-4E60-9ACE-C855A278B77D}.Debug|Mixed Platforms.Build.0 = Debug|Win32
		{474B1632-B7F3-4E60-9ACE-C855A278B77D}.Debug|Win32.ActiveCfg = Debug|Win32
		{474B1632-B7F3-4E60-9ACE-C855A278B77D}.Debug|Win32.Build.0 = Debug|Win32
		{474B1632-B7F3-4E60-9ACE-C855A278B77D}.Release|Any CPU.ActiveCfg = Release|Win32
		{474B1632-B7F3-4E60-9ACE-C855A278B77D}.Release|Mixed Platforms.ActiveCfg = Release|Win32
		{474B1632-B7F3-4E60-9ACE-C855A278B77D}.Release|Mixed Platforms.Build.0 = Release|Win32
		{474B1632-B7F3-4E60-9ACE-C855A278B77D}.Release|Win32.ActiveCfg = Release|Win32
		{474B1632-B7F3-4E60-9ACE-C855A278B77D}.Release|Win32.Build.0 = Release|Win32
		{A8D565BE-B2C6-4EAB-8211-48B1872B356C}.Debug|Any CPU.ActiveCfg = Debug|Win32
		{A8D565BE-B2C6-4EAB-8211-48B1872B356C}.Debug|Mixed Platforms.ActiveCfg = Debug|Win32
		{A8D565BE-B2C6-4EAB-8211-48B1872B356C}.Debug|Mixed Platforms.Build.0 = Debug|Win32
		{A8D565BE-B2C6-4EAB-8211-48B1872B356C}.Debug|Win32.ActiveCfg = Debug|Win32
		{A8D565BE-B2C6-4EAB-8211-48B1872B356C}.Debug|Win32.Build.0 = Debug|Win32
		{A8D565BE-B2C6-4EAB-8211-48B1872B356C}.Release|Any CPU.ActiveCfg = Release|Win32
		{A8D565BE-B2C6-4EAB-8211-48B1872B356C}.Release|Mixed Platforms.ActiveCfg = Release|Win32
		{A8D565BE-B2C6-4EAB-8211-48B1872B356C}.Release|Mixed Platforms.Build.0 = Release|Win32
		{A8D565BE-B2C6-4EAB-8211-48B1872B356C}.Release|Win32.ActiveCfg = Release|Win32
		{A8D565BE-B2C6-4EAB-8211-48B1872B356C}.Release|Win32.Build.0 = Release|Win32
		{7BAABCD0-8F3A-40B3-B971-74C50C2CDF52}.Debug|Any CPU.ActiveCfg = Debug|Win32
		{7BAABCD0-8F3A-40B3-B971-74C50C2CDF52}.Debug|Mixed Platforms.ActiveCfg = Debug|Win32
		{7BAABCD0-8F3A-40B3-B971-74C50C2CDF52}.Debug|Mixed Platforms.Build.0 = Debug|Win32
		{7BAABCD0-8F3A-40B3-B971-74C50C2CDF52}.Debug|Win32.ActiveCfg = Debug|Win32
		{7BAABCD0-8F3A-40B3-B971-74C50C2CDF52}.Debug|Win32.Build.0 = Debug|Win32
		{7BAABCD0-8F3A-40B3-B971-74C50C2CDF52}.Release|Any CPU.ActiveCfg = Release|Win32
		{7BAABCD0-8F3A-40B3-B971-74C50C2CDF52}.Release|Mixed Platforms.ActiveCfg = Release|Win32
		{7BAABCD0-8F3A-40B3-B971-74C50C2CDF52}.Release|Mixed Platforms.Build.0 = Release|Win32
		{7BAABCD0-8F3A-40B3-B971-74C50C2CDF52}.Release|Win32.ActiveCfg = Release|Win32
		{7BAABCD0-8F3A-40B3-B971-74C50C2CDF52}.Release|Win32.Build.0 = Release|Win32
		{239B17A6-6F2D-49BE-95B7-90B408A78904}.Debug|Any CPU.ActiveCfg = Debug|Win32
		{239B17A6-6F2D-49BE-95B7-90B408A78904}.Debug|Mixed Platforms.ActiveCfg = Debug|Win32
		{239B17A6-6F2D-49BE-95B7-90B408A78904}.Debug|Mixed Platforms.Build.0 = Debug|Win32
		{239B17A6-6F2D-49BE-95B7-90B408A78904}.Debug|Win32.ActiveCfg = Debug|Win32
		{239B17A6-6F2D-49BE-95B7-90B408A78904}.Debug|Win32.Build.0 = Debug|Win32
		{239B17A6-6F2D-49BE-95B7-90B408A78904}.Release|Any CPU.ActiveCfg = Release|Win32
		{239B17A6-6F2D-49BE-95B7-90B408A78904}.Release|Mixed Platforms.ActiveCfg = Release|Win32
		{239B17A6-6F2D-49BE-95B7-90B408A78904}.Release|Mixed Platforms.Build.0 = Release|Win32
		{239B17A6-6F2D-49BE-95B7-90B408A78904}.Release|Win32.ActiveCfg = Release|Win32
		{239B17A6-6F2D-49BE-95B7-90B408A78904}.Release|Win32.Build.0 = Release|Win32
		{C310B894-8642-4708-9D36-60C1E5191C86}.Debug|Any CPU.ActiveCfg = Debug|Win32
		{C310B894-8642-4708-9D36-60C1E5191C86}.Debug|Mixed Platforms.ActiveCfg = Debug|Win32
		{C310B894-8642-4708-9D36-60C1E5191C86}.Debug|Mixed Platforms.Build.0 = Debug|Win32
		{C310B894-8642-4708-9D36-60C1E5191C86}.Debug|Win32.ActiveCfg = Debug|Win32
		{C310B894-8642-4708-9D36-60C1E5191C86}.Debug|Win32.Build.0 = Debug|Win32
		{C310B894-8642-4708-9D36-60C1E5191C86}.Release|Any CPU.ActiveCfg = Release|Win32
		{C310B894-8642-4708-9D36-60C1E5191C86}.Release|Mixed Platforms.ActiveCfg = Release|Win32
		{C310B894-8642-4708-9D36-60C1E5191C86}.Release|Mixed Platforms.Build.0 = Release|Win32
		{C310B894-8642-4708-9D36-60C1E5191C86}.Release|Win32.ActiveCfg = Release|Win32
		{C310B894-8642-4708-9D36-60C1E5191C86}.Release|Win32.Build.0 = Release|Win32
		{BFA65CCD-0727-47EE-B634-1498A3D14411}.Debug|Any CPU.ActiveCfg = Debug|Win32
		{BFA65CCD-0727-47EE-B634-1498A3D14411}.Debug|Mixed Platforms.ActiveCfg = Debug|Win32
		{BFA65CCD-0727-47EE-B634-1498A3D14411}.Debug|Mixed Platforms.Build.0 = Debug|Win32
		{BFA65CCD-0727-47EE-B634-1498A3D14411}.Debug|Win32.ActiveCfg = Debug|Win32
		{BFA65CCD-0727-47EE-B634-1498A3D14411}.Debug|Win32.Build.0 = Debug|Win32
		{BFA65CCD-0727-47EE-B634-1498A3D14411}.Release|Any CPU.ActiveCfg = Release|Win32
		{BFA65CCD-0727-47EE-B634-1498A3D14411}.Release|Mixed Platforms.ActiveCfg = Release|Win32
		{BFA65CCD-0727-47EE-B634-1498A3D14411}.Release|Mixed Platforms.Build.0 = Release|Win32
		{BFA65CCD-0727-47EE-B634-1498A3D14411}.Release|Win32.ActiveCfg = Release|Win32
		{BFA65CCD-0727-47EE-B634-1498A3D14411}.Release|Win32.Build.0 = Release|Win32
		{4695B328-AEF5-462F-9BDC-CFBBD0070982}.Debug|Any CPU.ActiveCfg = Debug|Win32
		{4695B328-AEF5-462F-9BDC-CFBBD0070982}.Debug|Mixed Platforms.ActiveCfg = Debug|Win32
		{4695B328-AEF5-462F-9BDC-CFBBD0070982}.Debug|Mixed Platforms.Build.0 = Debug|Win32
		{4695B328-AEF5-462F-9BDC-CFBBD0070982}.Debug|Win32.ActiveCfg = Debug|Win32
		{4695B328-AEF5-462F-9BDC-CFBBD0070982}.Debug|Win32.Build.0 = Debug|Win32
		{4695B328-AEF5-462F-9BDC-CFBBD0070982}.Release|Any CPU.ActiveCfg = Release|Win32
		{4695B328-AEF5-462F-9BDC-CFBBD0070982}.Release|Mixed Platforms.ActiveCfg = Release|Win32
		{4695B328-AEF5-462F-9BDC-CFBBD0070982}.Release|Mixed Platforms.Build.0 = Release|Win32
		{4695B328-AEF5-462F-9BDC-CFBBD0070982}.Release|Win32.ActiveCfg = Release|Win32
		{4695B328-AEF5-462F-9BDC-CFBBD0070982}.Release|Win32.Build.0 = Release|Win32
		{F40EE608-3715-4472-8A9A-BB5DDE7815A7}.Debug|Any CPU.ActiveCfg = Debug|Win32
		{F40EE608-3715-4472-8A9A-BB5DDE7815A7}.Debug|Mixed Platforms.ActiveCfg = Debug|Win32
		{F40EE608-3715-4472-8A9A-BB5DDE7815A7}.Debug|Mixed Platforms.Build.0 = Debug|Win32
		{F40EE608-3715-4472-8A9A-BB5DDE7815A7}.Debug|Win32.ActiveCfg = Debug|Win32
		{F40EE608-3715-4472-8A9A-BB5DDE7815A7}.Debug|Win32.Build.0 = Debug|Win32
		{F40EE608-3715-4472-8A9A-BB5DDE7815A7}.Release|Any CPU.ActiveCfg = Release|Win32
		{F40EE608-3715-4472-8A9A-BB5DDE7815A7}.Release|Mixed Platforms.ActiveCfg = Release|Win32
		{F40EE608-3715-4472-8A9A-BB5DDE7815A7}.Release|Mixed Platforms.Build.0 = Release|Win32
		{F40EE608-3715-4472-8A9A-BB5DDE7815A7}.Release|Win32.ActiveCfg = Release|Win32
		{F40EE608-3715-4472-8A9A-BB5DDE7815A7}.Release|Win32.Build.0 = Release|Win32
		{C39D42EE-835B-450E-9BA2-8E1106A9AB46}.Debug|Any CPU.ActiveCfg = Debug|Win32
		{C39D42EE-835B-450E-9BA2-8E1106A9AB46}.Debug|Mixed Platforms.ActiveCfg = Debug|Win32
		{C39D42EE-835B-450E-9BA2-8E1106A9AB46}.Debug|Mixed Platforms.Build.0 = Debug|Win32
		{C39D42EE-835B-450E-9BA2-8E1106A9AB46}.Debug|Win32.ActiveCfg = Debug|Win32
		{C39D42EE-835B-450E-9BA2-8E1106A9AB46}.Debug|Win32.Build.0 = Debug|Win32
		{C39D42EE-835B-450E-9BA2-8E1106A9AB46}.Release|Any CPU.ActiveCfg = Release|Win32
		{C39D42EE-835B-450E-9BA2-8E1106A9AB46}.Release|Mixed Platforms.ActiveCfg = Release|Win32
		{C39D42EE-835B-450E-9BA2-8E1106A9AB46}.Release|Mixed Platforms.Build.0 = Release|Win32
		{C39D42EE-835B-450E-9BA2-8E1106A9AB46}.Release|Win32.ActiveCfg = Release|Win32
		{C39D42EE-835B-450E-9BA2-8E1106A9AB46}.Release|Win32.Build.0 = Release|Win32
	EndGlobalSection
	GlobalSection(SolutionProperties) = preSolution
		HideSolutionNode = FALSE
	EndGlobalSection
EndGlobal
